
Microsoft Visual Studio Solution File, Format Version 11.00
# Visual Studio 2010
Project("{8BC9CEB8-8B4A-11D0-8D11-00A0C91BC942}") = "marchingCubes", "marchingCubes_vs2010.vcxproj", "{D91F0D18-F5F9-82E8-5C2E-C846D5AF6FA2}"
EndProject
Global
	GlobalSection(SolutionConfigurationPlatforms) = preSolution
		Debug|x64 = Debug|x64
		Release|x64 = Release|x64
	EndGlobalSection
	GlobalSection(ProjectConfigurationPlatforms) = postSolution
		{D91F0D18-F5F9-82E8-5C2E-C846D5AF6FA2}.Debug|x64.ActiveCfg = Debug|x64
		{D91F0D18-F5F9-82E8-5C2E-C846D5AF6FA2}.Debug|x64.Build.0 = Debug|x64
		{D91F0D18-F5F9-82E8-5C2E-C846D5AF6FA2}.Release|x64.ActiveCfg = Release|x64
		{D91F0D18-F5F9-82E8-5C2E-C846D5AF6FA2}.Release|x64.Build.0 = Release|x64
	EndGlobalSection
	GlobalSection(SolutionProperties) = preSolution
		HideSolutionNode = FALSE
	EndGlobalSection
EndGlobal
